
Microsoft Visual Studio Solution File, Format Version 12.00
# Visual Studio Version 17
VisualStudioVersion = 17.10.35004.147
MinimumVisualStudioVersion = 10.0.40219.1
Project("{FAE04EC0-301F-11D3-BF4B-00C04F79EFBC}") = "Rack300SimulationUI", "Rack300SimulationUI\Rack300SimulationUI.csproj", "{77DABB12-EA44-4CAD-A0AC-3BAD8A3EDCB4}"
EndProject
Global
	GlobalSection(SolutionConfigurationPlatforms) = preSolution
		Debug|Any CPU = Debug|Any CPU
		Release|Any CPU = Release|Any CPU
	EndGlobalSection
	GlobalSection(ProjectConfigurationPlatforms) = postSolution
		{77DABB12-EA44-4CAD-A0AC-3BAD8A3EDCB4}.Debug|Any CPU.ActiveCfg = Debug|Any CPU
		{77DABB12-EA44-4CAD-A0AC-3BAD8A3EDCB4}.Debug|Any CPU.Build.0 = Debug|Any CPU
		{77DABB12-EA44-4CAD-A0AC-3BAD8A3EDCB4}.Release|Any CPU.ActiveCfg = Release|Any CPU
		{77DABB12-EA44-4CAD-A0AC-3BAD8A3EDCB4}.Release|Any CPU.Build.0 = Release|Any CPU
	EndGlobalSection
	GlobalSection(SolutionProperties) = preSolution
		HideSolutionNode = FALSE
	EndGlobalSection
	GlobalSection(ExtensibilityGlobals) = postSolution
		SolutionGuid = {A06AC75D-FD29-4D3C-8DEA-10C01138FDC8}
	EndGlobalSection
EndGlobal
